
Microsoft Visual Studio Solution File, Format Version 12.00
# Visual Studio Version 17
VisualStudioVersion = 17.14.37301.10 d17.14
MinimumVisualStudioVersion = 10.0.40219.1
Project("{FAE04EC0-301F-11D3-BF4B-00C04F79EFBC}") = "WpfApp_Entered", "WpfApp_Entered\WpfApp_Entered.csproj", "{85E0A2B7-9511-4E22-98B5-A985695F376E}"
EndProject
Global
	GlobalSection(SolutionConfigurationPlatforms) = preSolution
		Debug|Any CPU = Debug|Any CPU
		Release|Any CPU = Release|Any CPU
	EndGlobalSection
	GlobalSection(ProjectConfigurationPlatforms) = postSolution
		{85E0A2B7-9511-4E22-98B5-A985695F376E}.Debug|Any CPU.ActiveCfg = Debug|Any CPU
		{85E0A2B7-9511-4E22-98B5-A985695F376E}.Debug|Any CPU.Build.0 = Debug|Any CPU
		{85E0A2B7-9511-4E22-98B5-A985695F376E}.Release|Any CPU.ActiveCfg = Release|Any CPU
		{85E0A2B7-9511-4E22-98B5-A985695F376E}.Release|Any CPU.Build.0 = Release|Any CPU
	EndGlobalSection
	GlobalSection(SolutionProperties) = preSolution
		HideSolutionNode = FALSE
	EndGlobalSection
	GlobalSection(ExtensibilityGlobals) = postSolution
		SolutionGuid = {77A94EC3-4261-4AAD-997C-5863447F9C42}
	EndGlobalSection
EndGlobal
